{
  "name": "swapper",
  "version": "1.0.0",
  "lockfileVersion": 1,
  "requires": true,
  "dependencies": {
    "solidity-to-abi": {
      "version": "1.0.4",
      "resolved": "https://registry.npmjs.org/solidity-to-abi/-/solidity-to-abi-1.0.4.tgz",
      "integrity": "sha512-2WZpksSLXBAGHBJvv/+M9zI/W4OGxHY3Hmgb75ZqO9hd1rcJMJx/u0zD8DKRWNuzKBw1f5J91VmntewGIrgRjg==",
      "dev": true
    }
  }
}
